
Microsoft Visual Studio Solution File, Format Version 12.00
# Visual Studio Version 17
VisualStudioVersion = 17.10.35004.147
MinimumVisualStudioVersion = 10.0.40219.1
Project("{FAE04EC0-301F-11D3-BF4B-00C04F79EFBC}") = "Bai4_TinhhGiaiThua", "Bai4_TinhhGiaiThua\Bai4_TinhhGiaiThua.csproj", "{95AE28CA-0D7A-4203-AB1C-4092D328C5EF}"
EndProject
Global
	GlobalSection(SolutionConfigurationPlatforms) = preSolution
		Debug|Any CPU = Debug|Any CPU
		Release|Any CPU = Release|Any CPU
	EndGlobalSection
	GlobalSection(ProjectConfigurationPlatforms) = postSolution
		{95AE28CA-0D7A-4203-AB1C-4092D328C5EF}.Debug|Any CPU.ActiveCfg = Debug|Any CPU
		{95AE28CA-0D7A-4203-AB1C-4092D328C5EF}.Debug|Any CPU.Build.0 = Debug|Any CPU
		{95AE28CA-0D7A-4203-AB1C-4092D328C5EF}.Release|Any CPU.ActiveCfg = Release|Any CPU
		{95AE28CA-0D7A-4203-AB1C-4092D328C5EF}.Release|Any CPU.Build.0 = Release|Any CPU
	EndGlobalSection
	GlobalSection(SolutionProperties) = preSolution
		HideSolutionNode = FALSE
	EndGlobalSection
	GlobalSection(ExtensibilityGlobals) = postSolution
		SolutionGuid = {E36BBBAB-AD4C-4387-9A21-419439FA97FF}
	EndGlobalSection
EndGlobal
